
Microsoft Visual Studio Solution File, Format Version 12.00
# Visual Studio 2012
Project("{FAE04EC0-301F-11D3-BF4B-00C04F79EFBC}") = "WebApiMovie.Mac", "WebApiMovie\WebApiMovie.Mac.csproj", "{A2046A37-ED8D-459C-9B59-2FC3451EB3C1}"
EndProject
Global
	GlobalSection(SolutionConfigurationPlatforms) = preSolution
		Debug|Any CPU = Debug|Any CPU
		Release|Any CPU = Release|Any CPU
	EndGlobalSection
	GlobalSection(ProjectConfigurationPlatforms) = postSolution
		{A2046A37-ED8D-459C-9B59-2FC3451EB3C1}.Debug|Any CPU.ActiveCfg = Debug|Any CPU
		{A2046A37-ED8D-459C-9B59-2FC3451EB3C1}.Debug|Any CPU.Build.0 = Debug|Any CPU
		{A2046A37-ED8D-459C-9B59-2FC3451EB3C1}.Release|Any CPU.ActiveCfg = Release|Any CPU
		{A2046A37-ED8D-459C-9B59-2FC3451EB3C1}.Release|Any CPU.Build.0 = Release|Any CPU
	EndGlobalSection
EndGlobal
