
Microsoft Visual Studio Solution File, Format Version 12.00
# Visual Studio 2012
Project("{FAE04EC0-301F-11D3-BF4B-00C04F79EFBC}") = "TicTacToe.Test", "TicTacToe.Test\TicTacToe.Test.csproj", "{BD554416-A21A-41E3-8AA9-879B5EC52F22}"
EndProject
Project("{FAE04EC0-301F-11D3-BF4B-00C04F79EFBC}") = "TicTacToe", "TicTacToe\TicTacToe.csproj", "{698E3504-6806-4A85-A278-A5DC1422018F}"
EndProject
Global
	GlobalSection(SolutionConfigurationPlatforms) = preSolution
		Debug|Any CPU = Debug|Any CPU
		Release|Any CPU = Release|Any CPU
	EndGlobalSection
	GlobalSection(ProjectConfigurationPlatforms) = postSolution
		{BD554416-A21A-41E3-8AA9-879B5EC52F22}.Debug|Any CPU.ActiveCfg = Debug|Any CPU
		{BD554416-A21A-41E3-8AA9-879B5EC52F22}.Debug|Any CPU.Build.0 = Debug|Any CPU
		{BD554416-A21A-41E3-8AA9-879B5EC52F22}.Release|Any CPU.ActiveCfg = Release|Any CPU
		{BD554416-A21A-41E3-8AA9-879B5EC52F22}.Release|Any CPU.Build.0 = Release|Any CPU
		{698E3504-6806-4A85-A278-A5DC1422018F}.Debug|Any CPU.ActiveCfg = Debug|Any CPU
		{698E3504-6806-4A85-A278-A5DC1422018F}.Debug|Any CPU.Build.0 = Debug|Any CPU
		{698E3504-6806-4A85-A278-A5DC1422018F}.Release|Any CPU.ActiveCfg = Release|Any CPU
		{698E3504-6806-4A85-A278-A5DC1422018F}.Release|Any CPU.Build.0 = Release|Any CPU
	EndGlobalSection
	GlobalSection(MonoDevelopProperties) = preSolution
		Policies = $0
		$0.DotNetNamingPolicy = $1
		$1.DirectoryNamespaceAssociation = PrefixedHierarchical
	EndGlobalSection
EndGlobal
