
Microsoft Visual Studio Solution File, Format Version 12.00
# Visual Studio 15
VisualStudioVersion = 15.0.26730.16
MinimumVisualStudioVersion = 10.0.40219.1
Project("{9A19103F-16F7-4668-BE54-9A1E7A4F7556}") = "WebPages3Tutorial", "WebPages3Tutorial\WebPages3Tutorial.csproj", "{9ABB87C0-BD11-4F9A-B0C7-3B41E2BF169D}"
EndProject
Global
	GlobalSection(SolutionConfigurationPlatforms) = preSolution
		Debug|Any CPU = Debug|Any CPU
		Release|Any CPU = Release|Any CPU
	EndGlobalSection
	GlobalSection(ProjectConfigurationPlatforms) = postSolution
		{9ABB87C0-BD11-4F9A-B0C7-3B41E2BF169D}.Debug|Any CPU.ActiveCfg = Debug|Any CPU
		{9ABB87C0-BD11-4F9A-B0C7-3B41E2BF169D}.Debug|Any CPU.Build.0 = Debug|Any CPU
		{9ABB87C0-BD11-4F9A-B0C7-3B41E2BF169D}.Release|Any CPU.ActiveCfg = Release|Any CPU
		{9ABB87C0-BD11-4F9A-B0C7-3B41E2BF169D}.Release|Any CPU.Build.0 = Release|Any CPU
	EndGlobalSection
	GlobalSection(SolutionProperties) = preSolution
		HideSolutionNode = FALSE
	EndGlobalSection
	GlobalSection(ExtensibilityGlobals) = postSolution
		SolutionGuid = {92488340-A0A6-4E0F-B433-306646FAF220}
	EndGlobalSection
EndGlobal
