
Microsoft Visual Studio Solution File, Format Version 12.00
# Visual Studio 2012
Project("{FAE04EC0-301F-11D3-BF4B-00C04F79EFBC}") = "MathQuiz", "MathQuiz\MathQuiz.csproj", "{02031386-CA85-414D-ACC4-85985094BAA2}"
EndProject
Project("{FAE04EC0-301F-11D3-BF4B-00C04F79EFBC}") = "MathQuiz2", "MathQuiz2\MathQuiz2.csproj", "{B8B76459-8605-4D5A-AE92-B9EDB95B64EF}"
EndProject
Project("{FAE04EC0-301F-11D3-BF4B-00C04F79EFBC}") = "MathQuiz3", "MathQuiz3\MathQuiz3.csproj", "{8F8E4A6E-528A-4461-B2C1-4FBCA4BA8A07}"
EndProject
Project("{FAE04EC0-301F-11D3-BF4B-00C04F79EFBC}") = "MathQuiz4", "MathQuiz4\MathQuiz4.csproj", "{9278B642-3340-4510-BBCF-DEB6E8A49EAC}"
EndProject
Project("{2150E333-8FDC-42A3-9474-1A3956D46DE8}") = "Solution Items", "Solution Items", "{A8522AF2-F206-4F2D-B382-A0373B37F080}"
	ProjectSection(SolutionItems) = preProject
		README.md = README.md
	EndProjectSection
EndProject
Project("{FAE04EC0-301F-11D3-BF4B-00C04F79EFBC}") = "MathQuiz4.Tests", "MathQuiz.Tests\MathQuiz4.Tests.csproj", "{712037C1-DA5D-45B2-8E7E-659F84E4BBB6}"
EndProject
Global
	GlobalSection(SolutionConfigurationPlatforms) = preSolution
		Debug|Any CPU = Debug|Any CPU
		Release|Any CPU = Release|Any CPU
	EndGlobalSection
	GlobalSection(ProjectConfigurationPlatforms) = postSolution
		{02031386-CA85-414D-ACC4-85985094BAA2}.Debug|Any CPU.ActiveCfg = Debug|Any CPU
		{02031386-CA85-414D-ACC4-85985094BAA2}.Debug|Any CPU.Build.0 = Debug|Any CPU
		{02031386-CA85-414D-ACC4-85985094BAA2}.Release|Any CPU.ActiveCfg = Release|Any CPU
		{02031386-CA85-414D-ACC4-85985094BAA2}.Release|Any CPU.Build.0 = Release|Any CPU
		{B8B76459-8605-4D5A-AE92-B9EDB95B64EF}.Debug|Any CPU.ActiveCfg = Debug|Any CPU
		{B8B76459-8605-4D5A-AE92-B9EDB95B64EF}.Debug|Any CPU.Build.0 = Debug|Any CPU
		{B8B76459-8605-4D5A-AE92-B9EDB95B64EF}.Release|Any CPU.ActiveCfg = Release|Any CPU
		{B8B76459-8605-4D5A-AE92-B9EDB95B64EF}.Release|Any CPU.Build.0 = Release|Any CPU
		{8F8E4A6E-528A-4461-B2C1-4FBCA4BA8A07}.Debug|Any CPU.ActiveCfg = Debug|Any CPU
		{8F8E4A6E-528A-4461-B2C1-4FBCA4BA8A07}.Debug|Any CPU.Build.0 = Debug|Any CPU
		{8F8E4A6E-528A-4461-B2C1-4FBCA4BA8A07}.Release|Any CPU.ActiveCfg = Release|Any CPU
		{8F8E4A6E-528A-4461-B2C1-4FBCA4BA8A07}.Release|Any CPU.Build.0 = Release|Any CPU
		{9278B642-3340-4510-BBCF-DEB6E8A49EAC}.Debug|Any CPU.ActiveCfg = Debug|Any CPU
		{9278B642-3340-4510-BBCF-DEB6E8A49EAC}.Debug|Any CPU.Build.0 = Debug|Any CPU
		{9278B642-3340-4510-BBCF-DEB6E8A49EAC}.Release|Any CPU.ActiveCfg = Release|Any CPU
		{9278B642-3340-4510-BBCF-DEB6E8A49EAC}.Release|Any CPU.Build.0 = Release|Any CPU
		{712037C1-DA5D-45B2-8E7E-659F84E4BBB6}.Debug|Any CPU.ActiveCfg = Debug|Any CPU
		{712037C1-DA5D-45B2-8E7E-659F84E4BBB6}.Debug|Any CPU.Build.0 = Debug|Any CPU
		{712037C1-DA5D-45B2-8E7E-659F84E4BBB6}.Release|Any CPU.ActiveCfg = Release|Any CPU
		{712037C1-DA5D-45B2-8E7E-659F84E4BBB6}.Release|Any CPU.Build.0 = Release|Any CPU
	EndGlobalSection
EndGlobal
